{
  "meteor": {},
  "dependencies": {
    "basePackages": {
      "ace-embed": {},
      "select2": {},
      "bootboxjs": {},
      "npm": {}
    },
    "packages": {
      "ace-embed": {
        "git": "https://github.com/stuartfenton/meteor-ace-embed.git",
        "tag": "v0.0.4",
        "commit": "027b0e1b0d06111b51a713f04a8b8750fdcbd289"
      },
      "select2": {
        "git": "https://github.com/nate-strauser/meteor-select2.git",
        "tag": "v3.4.5",
        "commit": "4a8d05582b949a14f0ee217c185166abbf112822"
      },
      "bootboxjs": {
        "git": "https://github.com/TimHeckel/meteor-bootboxjs.git",
        "tag": "v4.2.0",
        "commit": "2b7d18ad028d9e7b37238ecf2a8a7970735cebd1"
      },
      "npm": {
        "git": "https://github.com/arunoda/meteor-npm.git",
        "tag": "v0.2.6",
        "commit": "177ab6118de5bf8cffb19481343d5762ff7a2aaf"
      },
      "bootstrap-3": {
        "git": "https://github.com/mangasocial/meteor-bootstrap-3.git",
        "tag": "v3.1.1-1",
        "commit": "63dd38968828bb8963636df93e9a1c45e2dfe67e"
      }
    }
  }
}
